<?xml version="1.0" encoding="utf-8"?>
<Project ToolsVersion="4.0" xmlns="http://schemas.microsoft.com/developer/msbuild/2003">
  <ItemGroup>
    <Filter Include="Source Files">
      <UniqueIdentifier>{4FC737F1-C7A5-4376-A066-2A32D752A2FF}</UniqueIdentifier>
      <Extensions>cpp;c;cc;cxx;def;odl;idl;hpj;bat;asm;asmx</Extensions>
    </Filter>
    <Filter Include="Header Files">
      <UniqueIdentifier>{93995380-89BD-4b04-88EB-625FBE52EBFB}</UniqueIdentifier>
      <Extensions>h;hh;hpp;hxx;hm;inl;inc;ipp;xsd</Extensions>
    </Filter>
    <Filter Include="Resource Files">
      <UniqueIdentifier>{67DA6AB6-F800-4c08-8B7A-83BB121AAD01}</UniqueIdentifier>
      <Extensions>rc;ico;cur;bmp;dlg;rc2;rct;bin;rgs;gif;jpg;jpeg;jpe;resx;tiff;tif;png;wav;mfcribbon-ms</Extensions>
    </Filter>
    <Filter Include="comm">
      <UniqueIdentifier>{7f01c269-b3a7-4cf1-9c6f-837d8df22b4a}</UniqueIdentifier>
    </Filter>
    <Filter Include="xftp">
      <UniqueIdentifier>{2010c05b-28e7-4fd3-9af3-ce9c47a4d91e}</UniqueIdentifier>
    </Filter>
    <Filter Include="Json">
      <UniqueIdentifier>{9e8ad4d5-4121-4ff8-a571-50bb68c506a4}</UniqueIdentifier>
    </Filter>
  </ItemGroup>
  <ItemGroup>
    <ClInclude Include="XftpClientDlg.h">
      <Filter>Header Files</Filter>
    </ClInclude>
    <ClInclude Include="stdafx.h">
      <Filter>Header Files</Filter>
    </ClInclude>
    <ClInclude Include="targetver.h">
      <Filter>Header Files</Filter>
    </ClInclude>
    <ClInclude Include="Resource.h">
      <Filter>Header Files</Filter>
    </ClInclude>
    <ClInclude Include="XftpClientApp.h">
      <Filter>Header Files</Filter>
    </ClInclude>
    <ClInclude Include="vxWinHelpFunc.h">
      <Filter>Header Files</Filter>
    </ClInclude>
    <ClInclude Include="comm\xcomm.h">
      <Filter>comm</Filter>
    </ClInclude>
    <ClInclude Include="comm\xmempool.h">
      <Filter>comm</Filter>
    </ClInclude>
    <ClInclude Include="comm\xmsg_handler.h">
      <Filter>comm</Filter>
    </ClInclude>
    <ClInclude Include="comm\xmsg_publisher.h">
      <Filter>comm</Filter>
    </ClInclude>
    <ClInclude Include="comm\xmsg_subscriber.h">
      <Filter>comm</Filter>
    </ClInclude>
    <ClInclude Include="comm\xobjectpool.h">
      <Filter>comm</Filter>
    </ClInclude>
    <ClInclude Include="comm\xspinlock.h">
      <Filter>comm</Filter>
    </ClInclude>
    <ClInclude Include="comm\xspsc_queue.h">
      <Filter>comm</Filter>
    </ClInclude>
    <ClInclude Include="comm\xthreadpool.h">
      <Filter>comm</Filter>
    </ClInclude>
    <ClInclude Include="comm\xtypes.h">
      <Filter>comm</Filter>
    </ClInclude>
    <ClInclude Include="xftp\xftp_msgctxt.h">
      <Filter>xftp</Filter>
    </ClInclude>
    <ClInclude Include="xftp\xftp_client.h">
      <Filter>xftp</Filter>
    </ClInclude>
    <ClInclude Include="vxConsole.h">
      <Filter>Header Files</Filter>
    </ClInclude>
    <ClInclude Include="vxDC.h">
      <Filter>Header Files</Filter>
    </ClInclude>
    <ClInclude Include="vxHeaderCtrl.h">
      <Filter>Header Files</Filter>
    </ClInclude>
    <ClInclude Include="vxListCtrl.h">
      <Filter>Header Files</Filter>
    </ClInclude>
    <ClInclude Include="json\allocator.h">
      <Filter>Json</Filter>
    </ClInclude>
    <ClInclude Include="json\assertions.h">
      <Filter>Json</Filter>
    </ClInclude>
    <ClInclude Include="json\autolink.h">
      <Filter>Json</Filter>
    </ClInclude>
    <ClInclude Include="json\config.h">
      <Filter>Json</Filter>
    </ClInclude>
    <ClInclude Include="json\features.h">
      <Filter>Json</Filter>
    </ClInclude>
    <ClInclude Include="json\forwards.h">
      <Filter>Json</Filter>
    </ClInclude>
    <ClInclude Include="json\json.h">
      <Filter>Json</Filter>
    </ClInclude>
    <ClInclude Include="json\json_tool.h">
      <Filter>Json</Filter>
    </ClInclude>
    <ClInclude Include="json\reader.h">
      <Filter>Json</Filter>
    </ClInclude>
    <ClInclude Include="json\value.h">
      <Filter>Json</Filter>
    </ClInclude>
    <ClInclude Include="json\version.h">
      <Filter>Json</Filter>
    </ClInclude>
    <ClInclude Include="json\writer.h">
      <Filter>Json</Filter>
    </ClInclude>
  </ItemGroup>
  <ItemGroup>
    <ClCompile Include="XftpClientDlg.cpp">
      <Filter>Source Files</Filter>
    </ClCompile>
    <ClCompile Include="stdafx.cpp">
      <Filter>Source Files</Filter>
    </ClCompile>
    <ClCompile Include="XftpClientApp.cpp">
      <Filter>Source Files</Filter>
    </ClCompile>
    <ClCompile Include="vxWinHelpFunc.cpp">
      <Filter>Source Files</Filter>
    </ClCompile>
    <ClCompile Include="comm\xcomm.cpp">
      <Filter>comm</Filter>
    </ClCompile>
    <ClCompile Include="comm\xmempool.cpp">
      <Filter>comm</Filter>
    </ClCompile>
    <ClCompile Include="comm\xmsg_handler.cpp">
      <Filter>comm</Filter>
    </ClCompile>
    <ClCompile Include="comm\xmsg_publisher.cpp">
      <Filter>comm</Filter>
    </ClCompile>
    <ClCompile Include="xftp\xftp_msgctxt.cpp">
      <Filter>xftp</Filter>
    </ClCompile>
    <ClCompile Include="xftp\xftp_client.cpp">
      <Filter>xftp</Filter>
    </ClCompile>
    <ClCompile Include="vxConsole.cpp">
      <Filter>Source Files</Filter>
    </ClCompile>
    <ClCompile Include="vxDC.cpp">
      <Filter>Source Files</Filter>
    </ClCompile>
    <ClCompile Include="vxHeaderCtrl.cpp">
      <Filter>Source Files</Filter>
    </ClCompile>
    <ClCompile Include="vxListCtrl.cpp">
      <Filter>Source Files</Filter>
    </ClCompile>
    <ClCompile Include="json\json_reader.cpp">
      <Filter>Json</Filter>
    </ClCompile>
    <ClCompile Include="json\json_value.cpp">
      <Filter>Json</Filter>
    </ClCompile>
    <ClCompile Include="json\json_writer.cpp">
      <Filter>Json</Filter>
    </ClCompile>
  </ItemGroup>
  <ItemGroup>
    <ResourceCompile Include="xftpclient.rc">
      <Filter>Resource Files</Filter>
    </ResourceCompile>
  </ItemGroup>
  <ItemGroup>
    <None Include="res\xftpclient.rc2">
      <Filter>Resource Files</Filter>
    </None>
    <None Include="json\json_valueiterator.inl">
      <Filter>Json</Filter>
    </None>
  </ItemGroup>
  <ItemGroup>
    <Image Include="res\xftp_client.ico">
      <Filter>Resource Files</Filter>
    </Image>
  </ItemGroup>
</Project>